
Microsoft Visual Studio Solution File, Format Version 12.00
# Visual Studio Version 16
VisualStudioVersion = 16.0.30621.155
MinimumVisualStudioVersion = 10.0.40219.1
Project("{FAE04EC0-301F-11D3-BF4B-00C04F79EFBC}") = "PZ2", "PZ2\PZ2.csproj", "{7CC4C044-824C-4617-BC8B-7A514C3FA60A}"
EndProject
Global
	GlobalSection(SolutionConfigurationPlatforms) = preSolution
		Debug|Any CPU = Debug|Any CPU
		Release|Any CPU = Release|Any CPU
	EndGlobalSection
	GlobalSection(ProjectConfigurationPlatforms) = postSolution
		{7CC4C044-824C-4617-BC8B-7A514C3FA60A}.Debug|Any CPU.ActiveCfg = Debug|Any CPU
		{7CC4C044-824C-4617-BC8B-7A514C3FA60A}.Debug|Any CPU.Build.0 = Debug|Any CPU
		{7CC4C044-824C-4617-BC8B-7A514C3FA60A}.Release|Any CPU.ActiveCfg = Release|Any CPU
		{7CC4C044-824C-4617-BC8B-7A514C3FA60A}.Release|Any CPU.Build.0 = Release|Any CPU
	EndGlobalSection
	GlobalSection(SolutionProperties) = preSolution
		HideSolutionNode = FALSE
	EndGlobalSection
	GlobalSection(ExtensibilityGlobals) = postSolution
		SolutionGuid = {BD5D62F6-CC6A-49E2-B53B-6CE75335E30A}
	EndGlobalSection
EndGlobal
